
Microsoft Visual Studio Solution File, Format Version 12.00
# Visual Studio Version 17
VisualStudioVersion = 17.5.002.0
MinimumVisualStudioVersion = 10.0.40219.1
Project("{9A19103F-16F7-4668-BE54-9A1E7A4F7556}") = "guessing-game", "guessing-game.csproj", "{FAFD5A3B-7879-41F4-AE70-70B450CB9CA3}"
EndProject
Global
	GlobalSection(SolutionConfigurationPlatforms) = preSolution
		Debug|Any CPU = Debug|Any CPU
		Release|Any CPU = Release|Any CPU
	EndGlobalSection
	GlobalSection(ProjectConfigurationPlatforms) = postSolution
		{FAFD5A3B-7879-41F4-AE70-70B450CB9CA3}.Debug|Any CPU.ActiveCfg = Debug|Any CPU
		{FAFD5A3B-7879-41F4-AE70-70B450CB9CA3}.Debug|Any CPU.Build.0 = Debug|Any CPU
		{FAFD5A3B-7879-41F4-AE70-70B450CB9CA3}.Release|Any CPU.ActiveCfg = Release|Any CPU
		{FAFD5A3B-7879-41F4-AE70-70B450CB9CA3}.Release|Any CPU.Build.0 = Release|Any CPU
	EndGlobalSection
	GlobalSection(SolutionProperties) = preSolution
		HideSolutionNode = FALSE
	EndGlobalSection
	GlobalSection(ExtensibilityGlobals) = postSolution
		SolutionGuid = {C903C27B-1A4B-4767-ABCB-826EA0EFDEAB}
	EndGlobalSection
EndGlobal
